
Microsoft Visual Studio Solution File, Format Version 12.00
# Visual Studio 14
VisualStudioVersion = 14.0.25420.1
MinimumVisualStudioVersion = 10.0.40219.1
Project("{FAE04EC0-301F-11D3-BF4B-00C04F79EFBC}") = "FabrikamFoodApp", "FabrikamFoodApp\FabrikamFoodApp\FabrikamFoodApp.csproj", "{C1A2DB06-EE9B-432F-80A7-D0C15665BF8F}"
EndProject
Project("{FAE04EC0-301F-11D3-BF4B-00C04F79EFBC}") = "FabrikamFoodApp.Droid", "FabrikamFoodApp\FabrikamFoodApp.Droid\FabrikamFoodApp.Droid.csproj", "{7FCF821C-AD53-406D-A682-62873C58E92A}"
EndProject
Project("{FAE04EC0-301F-11D3-BF4B-00C04F79EFBC}") = "FabrikamFoodApp.iOS", "FabrikamFoodApp\FabrikamFoodApp.iOS\FabrikamFoodApp.iOS.csproj", "{9D1A0894-508C-47F4-A505-220953903860}"
EndProject
Project("{FAE04EC0-301F-11D3-BF4B-00C04F79EFBC}") = "FabrikamFoodApp.WinPhone", "FabrikamFoodApp\FabrikamFoodApp.WinPhone\FabrikamFoodApp.WinPhone.csproj", "{12572E1D-50A9-4F28-A9F5-13A88F66B464}"
EndProject
Project("{FAE04EC0-301F-11D3-BF4B-00C04F79EFBC}") = "FabrikamFoodApp.UWP", "FabrikamFoodApp\FabrikamFoodApp.UWP\FabrikamFoodApp.UWP.csproj", "{1F0050C7-0BCD-4D13-9C1F-7FEAFF2FCDB4}"
EndProject
Project("{FAE04EC0-301F-11D3-BF4B-00C04F79EFBC}") = "FabrikamFoodApp.Windows", "FabrikamFoodApp\FabrikamFoodApp.Windows\FabrikamFoodApp.Windows.csproj", "{F442493E-D276-4888-BAE3-7B7C30B8CF44}"
EndProject
Global
	GlobalSection(SolutionConfigurationPlatforms) = preSolution
		Ad-Hoc|Any CPU = Ad-Hoc|Any CPU
		Ad-Hoc|ARM = Ad-Hoc|ARM
		Ad-Hoc|iPhone = Ad-Hoc|iPhone
		Ad-Hoc|iPhoneSimulator = Ad-Hoc|iPhoneSimulator
		Ad-Hoc|x64 = Ad-Hoc|x64
		Ad-Hoc|x86 = Ad-Hoc|x86
		AppStore|Any CPU = AppStore|Any CPU
		AppStore|ARM = AppStore|ARM
		AppStore|iPhone = AppStore|iPhone
		AppStore|iPhoneSimulator = AppStore|iPhoneSimulator
		AppStore|x64 = AppStore|x64
		AppStore|x86 = AppStore|x86
		Debug|Any CPU = Debug|Any CPU
		Debug|ARM = Debug|ARM
		Debug|iPhone = Debug|iPhone
		Debug|iPhoneSimulator = Debug|iPhoneSimulator
		Debug|x64 = Debug|x64
		Debug|x86 = Debug|x86
		Release|Any CPU = Release|Any CPU
		Release|ARM = Release|ARM
		Release|iPhone = Release|iPhone
		Release|iPhoneSimulator = Release|iPhoneSimulator
		Release|x64 = Release|x64
		Release|x86 = Release|x86
	EndGlobalSection
	GlobalSection(ProjectConfigurationPlatforms) = postSolution
		{C1A2DB06-EE9B-432F-80A7-D0C15665BF8F}.Ad-Hoc|Any CPU.ActiveCfg = Release|Any CPU
		{C1A2DB06-EE9B-432F-80A7-D0C15665BF8F}.Ad-Hoc|Any CPU.Build.0 = Release|Any CPU
		{C1A2DB06-EE9B-432F-80A7-D0C15665BF8F}.Ad-Hoc|ARM.ActiveCfg = Release|Any CPU
		{C1A2DB06-EE9B-432F-80A7-D0C15665BF8F}.Ad-Hoc|ARM.Build.0 = Release|Any CPU
		{C1A2DB06-EE9B-432F-80A7-D0C15665BF8F}.Ad-Hoc|iPhone.ActiveCfg = Release|Any CPU
		{C1A2DB06-EE9B-432F-80A7-D0C15665BF8F}.Ad-Hoc|iPhone.Build.0 = Release|Any CPU
		{C1A2DB06-EE9B-432F-80A7-D0C15665BF8F}.Ad-Hoc|iPhoneSimulator.ActiveCfg = Release|Any CPU
		{C1A2DB06-EE9B-432F-80A7-D0C15665BF8F}.Ad-Hoc|iPhoneSimulator.Build.0 = Release|Any CPU
		{C1A2DB06-EE9B-432F-80A7-D0C15665BF8F}.Ad-Hoc|x64.ActiveCfg = Release|Any CPU
		{C1A2DB06-EE9B-432F-80A7-D0C15665BF8F}.Ad-Hoc|x64.Build.0 = Release|Any CPU
		{C1A2DB06-EE9B-432F-80A7-D0C15665BF8F}.Ad-Hoc|x86.ActiveCfg = Release|Any CPU
		{C1A2DB06-EE9B-432F-80A7-D0C15665BF8F}.Ad-Hoc|x86.Build.0 = Release|Any CPU
		{C1A2DB06-EE9B-432F-80A7-D0C15665BF8F}.AppStore|Any CPU.ActiveCfg = Release|Any CPU
		{C1A2DB06-EE9B-432F-80A7-D0C15665BF8F}.AppStore|Any CPU.Build.0 = Release|Any CPU
		{C1A2DB06-EE9B-432F-80A7-D0C15665BF8F}.AppStore|ARM.ActiveCfg = Release|Any CPU
		{C1A2DB06-EE9B-432F-80A7-D0C15665BF8F}.AppStore|ARM.Build.0 = Release|Any CPU
		{C1A2DB06-EE9B-432F-80A7-D0C15665BF8F}.AppStore|iPhone.ActiveCfg = Release|Any CPU
		{C1A2DB06-EE9B-432F-80A7-D0C15665BF8F}.AppStore|iPhone.Build.0 = Release|Any CPU
		{C1A2DB06-EE9B-432F-80A7-D0C15665BF8F}.AppStore|iPhoneSimulator.ActiveCfg = Release|Any CPU
		{C1A2DB06-EE9B-432F-80A7-D0C15665BF8F}.AppStore|iPhoneSimulator.Build.0 = Release|Any CPU
		{C1A2DB06-EE9B-432F-80A7-D0C15665BF8F}.AppStore|x64.ActiveCfg = Release|Any CPU
		{C1A2DB06-EE9B-432F-80A7-D0C15665BF8F}.AppStore|x64.Build.0 = Release|Any CPU
		{C1A2DB06-EE9B-432F-80A7-D0C15665BF8F}.AppStore|x86.ActiveCfg = Release|Any CPU
		{C1A2DB06-EE9B-432F-80A7-D0C15665BF8F}.AppStore|x86.Build.0 = Release|Any CPU
		{C1A2DB06-EE9B-432F-80A7-D0C15665BF8F}.Debug|Any CPU.ActiveCfg = Debug|Any CPU
		{C1A2DB06-EE9B-432F-80A7-D0C15665BF8F}.Debug|Any CPU.Build.0 = Debug|Any CPU
		{C1A2DB06-EE9B-432F-80A7-D0C15665BF8F}.Debug|ARM.ActiveCfg = Debug|Any CPU
		{C1A2DB06-EE9B-432F-80A7-D0C15665BF8F}.Debug|ARM.Build.0 = Debug|Any CPU
		{C1A2DB06-EE9B-432F-80A7-D0C15665BF8F}.Debug|iPhone.ActiveCfg = Debug|Any CPU
		{C1A2DB06-EE9B-432F-80A7-D0C15665BF8F}.Debug|iPhone.Build.0 = Debug|Any CPU
		{C1A2DB06-EE9B-432F-80A7-D0C15665BF8F}.Debug|iPhoneSimulator.ActiveCfg = Debug|Any CPU
		{C1A2DB06-EE9B-432F-80A7-D0C15665BF8F}.Debug|iPhoneSimulator.Build.0 = Debug|Any CPU
		{C1A2DB06-EE9B-432F-80A7-D0C15665BF8F}.Debug|x64.ActiveCfg = Debug|Any CPU
		{C1A2DB06-EE9B-432F-80A7-D0C15665BF8F}.Debug|x64.Build.0 = Debug|Any CPU
		{C1A2DB06-EE9B-432F-80A7-D0C15665BF8F}.Debug|x86.ActiveCfg = Debug|Any CPU
		{C1A2DB06-EE9B-432F-80A7-D0C15665BF8F}.Debug|x86.Build.0 = Debug|Any CPU
		{C1A2DB06-EE9B-432F-80A7-D0C15665BF8F}.Release|Any CPU.ActiveCfg = Release|Any CPU
		{C1A2DB06-EE9B-432F-80A7-D0C15665BF8F}.Release|Any CPU.Build.0 = Release|Any CPU
		{C1A2DB06-EE9B-432F-80A7-D0C15665BF8F}.Release|ARM.ActiveCfg = Release|Any CPU
		{C1A2DB06-EE9B-432F-80A7-D0C15665BF8F}.Release|ARM.Build.0 = Release|Any CPU
		{C1A2DB06-EE9B-432F-80A7-D0C15665BF8F}.Release|iPhone.ActiveCfg = Release|Any CPU
		{C1A2DB06-EE9B-432F-80A7-D0C15665BF8F}.Release|iPhone.Build.0 = Release|Any CPU
		{C1A2DB06-EE9B-432F-80A7-D0C15665BF8F}.Release|iPhoneSimulator.ActiveCfg = Release|Any CPU
		{C1A2DB06-EE9B-432F-80A7-D0C15665BF8F}.Release|iPhoneSimulator.Build.0 = Release|Any CPU
		{C1A2DB06-EE9B-432F-80A7-D0C15665BF8F}.Release|x64.ActiveCfg = Release|Any CPU
		{C1A2DB06-EE9B-432F-80A7-D0C15665BF8F}.Release|x64.Build.0 = Release|Any CPU
		{C1A2DB06-EE9B-432F-80A7-D0C15665BF8F}.Release|x86.ActiveCfg = Release|Any CPU
		{C1A2DB06-EE9B-432F-80A7-D0C15665BF8F}.Release|x86.Build.0 = Release|Any CPU
		{7FCF821C-AD53-406D-A682-62873C58E92A}.Ad-Hoc|Any CPU.ActiveCfg = Release|Any CPU
		{7FCF821C-AD53-406D-A682-62873C58E92A}.Ad-Hoc|Any CPU.Build.0 = Release|Any CPU
		{7FCF821C-AD53-406D-A682-62873C58E92A}.Ad-Hoc|Any CPU.Deploy.0 = Release|Any CPU
		{7FCF821C-AD53-406D-A682-62873C58E92A}.Ad-Hoc|ARM.ActiveCfg = Release|Any CPU
		{7FCF821C-AD53-406D-A682-62873C58E92A}.Ad-Hoc|ARM.Build.0 = Release|Any CPU
		{7FCF821C-AD53-406D-A682-62873C58E92A}.Ad-Hoc|ARM.Deploy.0 = Release|Any CPU
		{7FCF821C-AD53-406D-A682-62873C58E92A}.Ad-Hoc|iPhone.ActiveCfg = Release|Any CPU
		{7FCF821C-AD53-406D-A682-62873C58E92A}.Ad-Hoc|iPhone.Build.0 = Release|Any CPU
		{7FCF821C-AD53-406D-A682-62873C58E92A}.Ad-Hoc|iPhone.Deploy.0 = Release|Any CPU
		{7FCF821C-AD53-406D-A682-62873C58E92A}.Ad-Hoc|iPhoneSimulator.ActiveCfg = Release|Any CPU
		{7FCF821C-AD53-406D-A682-62873C58E92A}.Ad-Hoc|iPhoneSimulator.Build.0 = Release|Any CPU
		{7FCF821C-AD53-406D-A682-62873C58E92A}.Ad-Hoc|iPhoneSimulator.Deploy.0 = Release|Any CPU
		{7FCF821C-AD53-406D-A682-62873C58E92A}.Ad-Hoc|x64.ActiveCfg = Release|Any CPU
		{7FCF821C-AD53-406D-A682-62873C58E92A}.Ad-Hoc|x64.Build.0 = Release|Any CPU
		{7FCF821C-AD53-406D-A682-62873C58E92A}.Ad-Hoc|x64.Deploy.0 = Release|Any CPU
		{7FCF821C-AD53-406D-A682-62873C58E92A}.Ad-Hoc|x86.ActiveCfg = Release|Any CPU
		{7FCF821C-AD53-406D-A682-62873C58E92A}.Ad-Hoc|x86.Build.0 = Release|Any CPU
		{7FCF821C-AD53-406D-A682-62873C58E92A}.Ad-Hoc|x86.Deploy.0 = Release|Any CPU
		{7FCF821C-AD53-406D-A682-62873C58E92A}.AppStore|Any CPU.ActiveCfg = Release|Any CPU
		{7FCF821C-AD53-406D-A682-62873C58E92A}.AppStore|Any CPU.Build.0 = Release|Any CPU
		{7FCF821C-AD53-406D-A682-62873C58E92A}.AppStore|Any CPU.Deploy.0 = Release|Any CPU
		{7FCF821C-AD53-406D-A682-62873C58E92A}.AppStore|ARM.ActiveCfg = Release|Any CPU
		{7FCF821C-AD53-406D-A682-62873C58E92A}.AppStore|ARM.Build.0 = Release|Any CPU
		{7FCF821C-AD53-406D-A682-62873C58E92A}.AppStore|ARM.Deploy.0 = Release|Any CPU
		{7FCF821C-AD53-406D-A682-62873C58E92A}.AppStore|iPhone.ActiveCfg = Release|Any CPU
		{7FCF821C-AD53-406D-A682-62873C58E92A}.AppStore|iPhone.Build.0 = Release|Any CPU
		{7FCF821C-AD53-406D-A682-62873C58E92A}.AppStore|iPhone.Deploy.0 = Release|Any CPU
		{7FCF821C-AD53-406D-A682-62873C58E92A}.AppStore|iPhoneSimulator.ActiveCfg = Release|Any CPU
		{7FCF821C-AD53-406D-A682-62873C58E92A}.AppStore|iPhoneSimulator.Build.0 = Release|Any CPU
		{7FCF821C-AD53-406D-A682-62873C58E92A}.AppStore|iPhoneSimulator.Deploy.0 = Release|Any CPU
		{7FCF821C-AD53-406D-A682-62873C58E92A}.AppStore|x64.ActiveCfg = Release|Any CPU
		{7FCF821C-AD53-406D-A682-62873C58E92A}.AppStore|x64.Build.0 = Release|Any CPU
		{7FCF821C-AD53-406D-A682-62873C58E92A}.AppStore|x64.Deploy.0 = Release|Any CPU
		{7FCF821C-AD53-406D-A682-62873C58E92A}.AppStore|x86.ActiveCfg = Release|Any CPU
		{7FCF821C-AD53-406D-A682-62873C58E92A}.AppStore|x86.Build.0 = Release|Any CPU
		{7FCF821C-AD53-406D-A682-62873C58E92A}.AppStore|x86.Deploy.0 = Release|Any CPU
		{7FCF821C-AD53-406D-A682-62873C58E92A}.Debug|Any CPU.ActiveCfg = Debug|Any CPU
		{7FCF821C-AD53-406D-A682-62873C58E92A}.Debug|Any CPU.Build.0 = Debug|Any CPU
		{7FCF821C-AD53-406D-A682-62873C58E92A}.Debug|Any CPU.Deploy.0 = Debug|Any CPU
		{7FCF821C-AD53-406D-A682-62873C58E92A}.Debug|ARM.ActiveCfg = Debug|Any CPU
		{7FCF821C-AD53-406D-A682-62873C58E92A}.Debug|ARM.Build.0 = Debug|Any CPU
		{7FCF821C-AD53-406D-A682-62873C58E92A}.Debug|ARM.Deploy.0 = Debug|Any CPU
		{7FCF821C-AD53-406D-A682-62873C58E92A}.Debug|iPhone.ActiveCfg = Debug|Any CPU
		{7FCF821C-AD53-406D-A682-62873C58E92A}.Debug|iPhone.Build.0 = Debug|Any CPU
		{7FCF821C-AD53-406D-A682-62873C58E92A}.Debug|iPhone.Deploy.0 = Debug|Any CPU
		{7FCF821C-AD53-406D-A682-62873C58E92A}.Debug|iPhoneSimulator.ActiveCfg = Debug|Any CPU
		{7FCF821C-AD53-406D-A682-62873C58E92A}.Debug|iPhoneSimulator.Build.0 = Debug|Any CPU
		{7FCF821C-AD53-406D-A682-62873C58E92A}.Debug|iPhoneSimulator.Deploy.0 = Debug|Any CPU
		{7FCF821C-AD53-406D-A682-62873C58E92A}.Debug|x64.ActiveCfg = Debug|Any CPU
		{7FCF821C-AD53-406D-A682-62873C58E92A}.Debug|x64.Build.0 = Debug|Any CPU
		{7FCF821C-AD53-406D-A682-62873C58E92A}.Debug|x64.Deploy.0 = Debug|Any CPU
		{7FCF821C-AD53-406D-A682-62873C58E92A}.Debug|x86.ActiveCfg = Debug|Any CPU
		{7FCF821C-AD53-406D-A682-62873C58E92A}.Debug|x86.Build.0 = Debug|Any CPU
		{7FCF821C-AD53-406D-A682-62873C58E92A}.Debug|x86.Deploy.0 = Debug|Any CPU
		{7FCF821C-AD53-406D-A682-62873C58E92A}.Release|Any CPU.ActiveCfg = Release|Any CPU
		{7FCF821C-AD53-406D-A682-62873C58E92A}.Release|Any CPU.Build.0 = Release|Any CPU
		{7FCF821C-AD53-406D-A682-62873C58E92A}.Release|Any CPU.Deploy.0 = Release|Any CPU
		{7FCF821C-AD53-406D-A682-62873C58E92A}.Release|ARM.ActiveCfg = Release|Any CPU
		{7FCF821C-AD53-406D-A682-62873C58E92A}.Release|ARM.Build.0 = Release|Any CPU
		{7FCF821C-AD53-406D-A682-62873C58E92A}.Release|ARM.Deploy.0 = Release|Any CPU
		{7FCF821C-AD53-406D-A682-62873C58E92A}.Release|iPhone.ActiveCfg = Release|Any CPU
		{7FCF821C-AD53-406D-A682-62873C58E92A}.Release|iPhone.Build.0 = Release|Any CPU
		{7FCF821C-AD53-406D-A682-62873C58E92A}.Release|iPhone.Deploy.0 = Release|Any CPU
		{7FCF821C-AD53-406D-A682-62873C58E92A}.Release|iPhoneSimulator.ActiveCfg = Release|Any CPU
		{7FCF821C-AD53-406D-A682-62873C58E92A}.Release|iPhoneSimulator.Build.0 = Release|Any CPU
		{7FCF821C-AD53-406D-A682-62873C58E92A}.Release|iPhoneSimulator.Deploy.0 = Release|Any CPU
		{7FCF821C-AD53-406D-A682-62873C58E92A}.Release|x64.ActiveCfg = Release|Any CPU
		{7FCF821C-AD53-406D-A682-62873C58E92A}.Release|x64.Build.0 = Release|Any CPU
		{7FCF821C-AD53-406D-A682-62873C58E92A}.Release|x64.Deploy.0 = Release|Any CPU
		{7FCF821C-AD53-406D-A682-62873C58E92A}.Release|x86.ActiveCfg = Release|Any CPU
		{7FCF821C-AD53-406D-A682-62873C58E92A}.Release|x86.Build.0 = Release|Any CPU
		{7FCF821C-AD53-406D-A682-62873C58E92A}.Release|x86.Deploy.0 = Release|Any CPU
		{9D1A0894-508C-47F4-A505-220953903860}.Ad-Hoc|Any CPU.ActiveCfg = Ad-Hoc|iPhone
		{9D1A0894-508C-47F4-A505-220953903860}.Ad-Hoc|ARM.ActiveCfg = Ad-Hoc|iPhone
		{9D1A0894-508C-47F4-A505-220953903860}.Ad-Hoc|iPhone.ActiveCfg = Ad-Hoc|iPhone
		{9D1A0894-508C-47F4-A505-220953903860}.Ad-Hoc|iPhone.Build.0 = Ad-Hoc|iPhone
		{9D1A0894-508C-47F4-A505-220953903860}.Ad-Hoc|iPhoneSimulator.ActiveCfg = Ad-Hoc|iPhoneSimulator
		{9D1A0894-508C-47F4-A505-220953903860}.Ad-Hoc|iPhoneSimulator.Build.0 = Ad-Hoc|iPhoneSimulator
		{9D1A0894-508C-47F4-A505-220953903860}.Ad-Hoc|x64.ActiveCfg = Ad-Hoc|iPhone
		{9D1A0894-508C-47F4-A505-220953903860}.Ad-Hoc|x86.ActiveCfg = Ad-Hoc|iPhone
		{9D1A0894-508C-47F4-A505-220953903860}.AppStore|Any CPU.ActiveCfg = AppStore|iPhone
		{9D1A0894-508C-47F4-A505-220953903860}.AppStore|ARM.ActiveCfg = AppStore|iPhone
		{9D1A0894-508C-47F4-A505-220953903860}.AppStore|iPhone.ActiveCfg = AppStore|iPhone
		{9D1A0894-508C-47F4-A505-220953903860}.AppStore|iPhone.Build.0 = AppStore|iPhone
		{9D1A0894-508C-47F4-A505-220953903860}.AppStore|iPhoneSimulator.ActiveCfg = AppStore|iPhoneSimulator
		{9D1A0894-508C-47F4-A505-220953903860}.AppStore|iPhoneSimulator.Build.0 = AppStore|iPhoneSimulator
		{9D1A0894-508C-47F4-A505-220953903860}.AppStore|x64.ActiveCfg = AppStore|iPhone
		{9D1A0894-508C-47F4-A505-220953903860}.AppStore|x86.ActiveCfg = AppStore|iPhone
		{9D1A0894-508C-47F4-A505-220953903860}.Debug|Any CPU.ActiveCfg = Debug|iPhone
		{9D1A0894-508C-47F4-A505-220953903860}.Debug|ARM.ActiveCfg = Debug|iPhone
		{9D1A0894-508C-47F4-A505-220953903860}.Debug|iPhone.ActiveCfg = Debug|iPhone
		{9D1A0894-508C-47F4-A505-220953903860}.Debug|iPhone.Build.0 = Debug|iPhone
		{9D1A0894-508C-47F4-A505-220953903860}.Debug|iPhoneSimulator.ActiveCfg = Debug|iPhoneSimulator
		{9D1A0894-508C-47F4-A505-220953903860}.Debug|iPhoneSimulator.Build.0 = Debug|iPhoneSimulator
		{9D1A0894-508C-47F4-A505-220953903860}.Debug|x64.ActiveCfg = Debug|iPhone
		{9D1A0894-508C-47F4-A505-220953903860}.Debug|x86.ActiveCfg = Debug|iPhone
		{9D1A0894-508C-47F4-A505-220953903860}.Release|Any CPU.ActiveCfg = Release|iPhone
		{9D1A0894-508C-47F4-A505-220953903860}.Release|ARM.ActiveCfg = Release|iPhone
		{9D1A0894-508C-47F4-A505-220953903860}.Release|iPhone.ActiveCfg = Release|iPhone
		{9D1A0894-508C-47F4-A505-220953903860}.Release|iPhone.Build.0 = Release|iPhone
		{9D1A0894-508C-47F4-A505-220953903860}.Release|iPhoneSimulator.ActiveCfg = Release|iPhoneSimulator
		{9D1A0894-508C-47F4-A505-220953903860}.Release|iPhoneSimulator.Build.0 = Release|iPhoneSimulator
		{9D1A0894-508C-47F4-A505-220953903860}.Release|x64.ActiveCfg = Release|iPhone
		{9D1A0894-508C-47F4-A505-220953903860}.Release|x86.ActiveCfg = Release|iPhone
		{12572E1D-50A9-4F28-A9F5-13A88F66B464}.Ad-Hoc|Any CPU.ActiveCfg = Release|Any CPU
		{12572E1D-50A9-4F28-A9F5-13A88F66B464}.Ad-Hoc|Any CPU.Build.0 = Release|Any CPU
		{12572E1D-50A9-4F28-A9F5-13A88F66B464}.Ad-Hoc|Any CPU.Deploy.0 = Release|Any CPU
		{12572E1D-50A9-4F28-A9F5-13A88F66B464}.Ad-Hoc|ARM.ActiveCfg = Release|ARM
		{12572E1D-50A9-4F28-A9F5-13A88F66B464}.Ad-Hoc|ARM.Build.0 = Release|ARM
		{12572E1D-50A9-4F28-A9F5-13A88F66B464}.Ad-Hoc|ARM.Deploy.0 = Release|ARM
		{12572E1D-50A9-4F28-A9F5-13A88F66B464}.Ad-Hoc|iPhone.ActiveCfg = Release|Any CPU
		{12572E1D-50A9-4F28-A9F5-13A88F66B464}.Ad-Hoc|iPhone.Build.0 = Release|Any CPU
		{12572E1D-50A9-4F28-A9F5-13A88F66B464}.Ad-Hoc|iPhone.Deploy.0 = Release|Any CPU
		{12572E1D-50A9-4F28-A9F5-13A88F66B464}.Ad-Hoc|iPhoneSimulator.ActiveCfg = Release|Any CPU
		{12572E1D-50A9-4F28-A9F5-13A88F66B464}.Ad-Hoc|iPhoneSimulator.Build.0 = Release|Any CPU
		{12572E1D-50A9-4F28-A9F5-13A88F66B464}.Ad-Hoc|iPhoneSimulator.Deploy.0 = Release|Any CPU
		{12572E1D-50A9-4F28-A9F5-13A88F66B464}.Ad-Hoc|x64.ActiveCfg = Release|Any CPU
		{12572E1D-50A9-4F28-A9F5-13A88F66B464}.Ad-Hoc|x64.Build.0 = Release|Any CPU
		{12572E1D-50A9-4F28-A9F5-13A88F66B464}.Ad-Hoc|x64.Deploy.0 = Release|Any CPU
		{12572E1D-50A9-4F28-A9F5-13A88F66B464}.Ad-Hoc|x86.ActiveCfg = Release|x86
		{12572E1D-50A9-4F28-A9F5-13A88F66B464}.Ad-Hoc|x86.Build.0 = Release|x86
		{12572E1D-50A9-4F28-A9F5-13A88F66B464}.Ad-Hoc|x86.Deploy.0 = Release|x86
		{12572E1D-50A9-4F28-A9F5-13A88F66B464}.AppStore|Any CPU.ActiveCfg = Release|Any CPU
		{12572E1D-50A9-4F28-A9F5-13A88F66B464}.AppStore|Any CPU.Build.0 = Release|Any CPU
		{12572E1D-50A9-4F28-A9F5-13A88F66B464}.AppStore|Any CPU.Deploy.0 = Release|Any CPU
		{12572E1D-50A9-4F28-A9F5-13A88F66B464}.AppStore|ARM.ActiveCfg = Release|ARM
		{12572E1D-50A9-4F28-A9F5-13A88F66B464}.AppStore|ARM.Build.0 = Release|ARM
		{12572E1D-50A9-4F28-A9F5-13A88F66B464}.AppStore|ARM.Deploy.0 = Release|ARM
		{12572E1D-50A9-4F28-A9F5-13A88F66B464}.AppStore|iPhone.ActiveCfg = Release|Any CPU
		{12572E1D-50A9-4F28-A9F5-13A88F66B464}.AppStore|iPhone.Build.0 = Release|Any CPU
		{12572E1D-50A9-4F28-A9F5-13A88F66B464}.AppStore|iPhone.Deploy.0 = Release|Any CPU
		{12572E1D-50A9-4F28-A9F5-13A88F66B464}.AppStore|iPhoneSimulator.ActiveCfg = Release|Any CPU
		{12572E1D-50A9-4F28-A9F5-13A88F66B464}.AppStore|iPhoneSimulator.Build.0 = Release|Any CPU
		{12572E1D-50A9-4F28-A9F5-13A88F66B464}.AppStore|iPhoneSimulator.Deploy.0 = Release|Any CPU
		{12572E1D-50A9-4F28-A9F5-13A88F66B464}.AppStore|x64.ActiveCfg = Release|Any CPU
		{12572E1D-50A9-4F28-A9F5-13A88F66B464}.AppStore|x64.Build.0 = Release|Any CPU
		{12572E1D-50A9-4F28-A9F5-13A88F66B464}.AppStore|x64.Deploy.0 = Release|Any CPU
		{12572E1D-50A9-4F28-A9F5-13A88F66B464}.AppStore|x86.ActiveCfg = Release|x86
		{12572E1D-50A9-4F28-A9F5-13A88F66B464}.AppStore|x86.Build.0 = Release|x86
		{12572E1D-50A9-4F28-A9F5-13A88F66B464}.AppStore|x86.Deploy.0 = Release|x86
		{12572E1D-50A9-4F28-A9F5-13A88F66B464}.Debug|Any CPU.ActiveCfg = Debug|Any CPU
		{12572E1D-50A9-4F28-A9F5-13A88F66B464}.Debug|Any CPU.Build.0 = Debug|Any CPU
		{12572E1D-50A9-4F28-A9F5-13A88F66B464}.Debug|Any CPU.Deploy.0 = Debug|Any CPU
		{12572E1D-50A9-4F28-A9F5-13A88F66B464}.Debug|ARM.ActiveCfg = Debug|ARM
		{12572E1D-50A9-4F28-A9F5-13A88F66B464}.Debug|ARM.Build.0 = Debug|ARM
		{12572E1D-50A9-4F28-A9F5-13A88F66B464}.Debug|ARM.Deploy.0 = Debug|ARM
		{12572E1D-50A9-4F28-A9F5-13A88F66B464}.Debug|iPhone.ActiveCfg = Debug|Any CPU
		{12572E1D-50A9-4F28-A9F5-13A88F66B464}.Debug|iPhone.Build.0 = Debug|Any CPU
		{12572E1D-50A9-4F28-A9F5-13A88F66B464}.Debug|iPhone.Deploy.0 = Debug|Any CPU
		{12572E1D-50A9-4F28-A9F5-13A88F66B464}.Debug|iPhoneSimulator.ActiveCfg = Debug|Any CPU
		{12572E1D-50A9-4F28-A9F5-13A88F66B464}.Debug|iPhoneSimulator.Build.0 = Debug|Any CPU
		{12572E1D-50A9-4F28-A9F5-13A88F66B464}.Debug|iPhoneSimulator.Deploy.0 = Debug|Any CPU
		{12572E1D-50A9-4F28-A9F5-13A88F66B464}.Debug|x64.ActiveCfg = Debug|Any CPU
		{12572E1D-50A9-4F28-A9F5-13A88F66B464}.Debug|x64.Build.0 = Debug|Any CPU
		{12572E1D-50A9-4F28-A9F5-13A88F66B464}.Debug|x64.Deploy.0 = Debug|Any CPU
		{12572E1D-50A9-4F28-A9F5-13A88F66B464}.Debug|x86.ActiveCfg = Debug|x86
		{12572E1D-50A9-4F28-A9F5-13A88F66B464}.Debug|x86.Build.0 = Debug|x86
		{12572E1D-50A9-4F28-A9F5-13A88F66B464}.Debug|x86.Deploy.0 = Debug|x86
		{12572E1D-50A9-4F28-A9F5-13A88F66B464}.Release|Any CPU.ActiveCfg = Release|Any CPU
		{12572E1D-50A9-4F28-A9F5-13A88F66B464}.Release|Any CPU.Build.0 = Release|Any CPU
		{12572E1D-50A9-4F28-A9F5-13A88F66B464}.Release|Any CPU.Deploy.0 = Release|Any CPU
		{12572E1D-50A9-4F28-A9F5-13A88F66B464}.Release|ARM.ActiveCfg = Release|ARM
		{12572E1D-50A9-4F28-A9F5-13A88F66B464}.Release|ARM.Build.0 = Release|ARM
		{12572E1D-50A9-4F28-A9F5-13A88F66B464}.Release|ARM.Deploy.0 = Release|ARM
		{12572E1D-50A9-4F28-A9F5-13A88F66B464}.Release|iPhone.ActiveCfg = Release|Any CPU
		{12572E1D-50A9-4F28-A9F5-13A88F66B464}.Release|iPhone.Build.0 = Release|Any CPU
		{12572E1D-50A9-4F28-A9F5-13A88F66B464}.Release|iPhone.Deploy.0 = Release|Any CPU
		{12572E1D-50A9-4F28-A9F5-13A88F66B464}.Release|iPhoneSimulator.ActiveCfg = Release|Any CPU
		{12572E1D-50A9-4F28-A9F5-13A88F66B464}.Release|iPhoneSimulator.Build.0 = Release|Any CPU
		{12572E1D-50A9-4F28-A9F5-13A88F66B464}.Release|iPhoneSimulator.Deploy.0 = Release|Any CPU
		{12572E1D-50A9-4F28-A9F5-13A88F66B464}.Release|x64.ActiveCfg = Release|Any CPU
		{12572E1D-50A9-4F28-A9F5-13A88F66B464}.Release|x64.Build.0 = Release|Any CPU
		{12572E1D-50A9-4F28-A9F5-13A88F66B464}.Release|x64.Deploy.0 = Release|Any CPU
		{12572E1D-50A9-4F28-A9F5-13A88F66B464}.Release|x86.ActiveCfg = Release|x86
		{12572E1D-50A9-4F28-A9F5-13A88F66B464}.Release|x86.Build.0 = Release|x86
		{12572E1D-50A9-4F28-A9F5-13A88F66B464}.Release|x86.Deploy.0 = Release|x86
		{1F0050C7-0BCD-4D13-9C1F-7FEAFF2FCDB4}.Ad-Hoc|Any CPU.ActiveCfg = Release|x86
		{1F0050C7-0BCD-4D13-9C1F-7FEAFF2FCDB4}.Ad-Hoc|Any CPU.Build.0 = Release|x86
		{1F0050C7-0BCD-4D13-9C1F-7FEAFF2FCDB4}.Ad-Hoc|Any CPU.Deploy.0 = Release|x86
		{1F0050C7-0BCD-4D13-9C1F-7FEAFF2FCDB4}.Ad-Hoc|ARM.ActiveCfg = Release|ARM
		{1F0050C7-0BCD-4D13-9C1F-7FEAFF2FCDB4}.Ad-Hoc|ARM.Build.0 = Release|ARM
		{1F0050C7-0BCD-4D13-9C1F-7FEAFF2FCDB4}.Ad-Hoc|ARM.Deploy.0 = Release|ARM
		{1F0050C7-0BCD-4D13-9C1F-7FEAFF2FCDB4}.Ad-Hoc|iPhone.ActiveCfg = Release|x86
		{1F0050C7-0BCD-4D13-9C1F-7FEAFF2FCDB4}.Ad-Hoc|iPhone.Build.0 = Release|x86
		{1F0050C7-0BCD-4D13-9C1F-7FEAFF2FCDB4}.Ad-Hoc|iPhone.Deploy.0 = Release|x86
		{1F0050C7-0BCD-4D13-9C1F-7FEAFF2FCDB4}.Ad-Hoc|iPhoneSimulator.ActiveCfg = Release|x86
		{1F0050C7-0BCD-4D13-9C1F-7FEAFF2FCDB4}.Ad-Hoc|iPhoneSimulator.Build.0 = Release|x86
		{1F0050C7-0BCD-4D13-9C1F-7FEAFF2FCDB4}.Ad-Hoc|iPhoneSimulator.Deploy.0 = Release|x86
		{1F0050C7-0BCD-4D13-9C1F-7FEAFF2FCDB4}.Ad-Hoc|x64.ActiveCfg = Release|x64
		{1F0050C7-0BCD-4D13-9C1F-7FEAFF2FCDB4}.Ad-Hoc|x64.Build.0 = Release|x64
		{1F0050C7-0BCD-4D13-9C1F-7FEAFF2FCDB4}.Ad-Hoc|x64.Deploy.0 = Release|x64
		{1F0050C7-0BCD-4D13-9C1F-7FEAFF2FCDB4}.Ad-Hoc|x86.ActiveCfg = Release|x86
		{1F0050C7-0BCD-4D13-9C1F-7FEAFF2FCDB4}.Ad-Hoc|x86.Build.0 = Release|x86
		{1F0050C7-0BCD-4D13-9C1F-7FEAFF2FCDB4}.Ad-Hoc|x86.Deploy.0 = Release|x86
		{1F0050C7-0BCD-4D13-9C1F-7FEAFF2FCDB4}.AppStore|Any CPU.ActiveCfg = Release|x86
		{1F0050C7-0BCD-4D13-9C1F-7FEAFF2FCDB4}.AppStore|Any CPU.Build.0 = Release|x86
		{1F0050C7-0BCD-4D13-9C1F-7FEAFF2FCDB4}.AppStore|Any CPU.Deploy.0 = Release|x86
		{1F0050C7-0BCD-4D13-9C1F-7FEAFF2FCDB4}.AppStore|ARM.ActiveCfg = Release|ARM
		{1F0050C7-0BCD-4D13-9C1F-7FEAFF2FCDB4}.AppStore|ARM.Build.0 = Release|ARM
		{1F0050C7-0BCD-4D13-9C1F-7FEAFF2FCDB4}.AppStore|ARM.Deploy.0 = Release|ARM
		{1F0050C7-0BCD-4D13-9C1F-7FEAFF2FCDB4}.AppStore|iPhone.ActiveCfg = Release|x86
		{1F0050C7-0BCD-4D13-9C1F-7FEAFF2FCDB4}.AppStore|iPhone.Build.0 = Release|x86
		{1F0050C7-0BCD-4D13-9C1F-7FEAFF2FCDB4}.AppStore|iPhone.Deploy.0 = Release|x86
		{1F0050C7-0BCD-4D13-9C1F-7FEAFF2FCDB4}.AppStore|iPhoneSimulator.ActiveCfg = Release|x86
		{1F0050C7-0BCD-4D13-9C1F-7FEAFF2FCDB4}.AppStore|iPhoneSimulator.Build.0 = Release|x86
		{1F0050C7-0BCD-4D13-9C1F-7FEAFF2FCDB4}.AppStore|iPhoneSimulator.Deploy.0 = Release|x86
		{1F0050C7-0BCD-4D13-9C1F-7FEAFF2FCDB4}.AppStore|x64.ActiveCfg = Release|x64
		{1F0050C7-0BCD-4D13-9C1F-7FEAFF2FCDB4}.AppStore|x64.Build.0 = Release|x64
		{1F0050C7-0BCD-4D13-9C1F-7FEAFF2FCDB4}.AppStore|x64.Deploy.0 = Release|x64
		{1F0050C7-0BCD-4D13-9C1F-7FEAFF2FCDB4}.AppStore|x86.ActiveCfg = Release|x86
		{1F0050C7-0BCD-4D13-9C1F-7FEAFF2FCDB4}.AppStore|x86.Build.0 = Release|x86
		{1F0050C7-0BCD-4D13-9C1F-7FEAFF2FCDB4}.AppStore|x86.Deploy.0 = Release|x86
		{1F0050C7-0BCD-4D13-9C1F-7FEAFF2FCDB4}.Debug|Any CPU.ActiveCfg = Debug|x86
		{1F0050C7-0BCD-4D13-9C1F-7FEAFF2FCDB4}.Debug|ARM.ActiveCfg = Debug|ARM
		{1F0050C7-0BCD-4D13-9C1F-7FEAFF2FCDB4}.Debug|ARM.Build.0 = Debug|ARM
		{1F0050C7-0BCD-4D13-9C1F-7FEAFF2FCDB4}.Debug|ARM.Deploy.0 = Debug|ARM
		{1F0050C7-0BCD-4D13-9C1F-7FEAFF2FCDB4}.Debug|iPhone.ActiveCfg = Debug|x86
		{1F0050C7-0BCD-4D13-9C1F-7FEAFF2FCDB4}.Debug|iPhoneSimulator.ActiveCfg = Debug|x86
		{1F0050C7-0BCD-4D13-9C1F-7FEAFF2FCDB4}.Debug|x64.ActiveCfg = Debug|x64
		{1F0050C7-0BCD-4D13-9C1F-7FEAFF2FCDB4}.Debug|x64.Build.0 = Debug|x64
		{1F0050C7-0BCD-4D13-9C1F-7FEAFF2FCDB4}.Debug|x64.Deploy.0 = Debug|x64
		{1F0050C7-0BCD-4D13-9C1F-7FEAFF2FCDB4}.Debug|x86.ActiveCfg = Debug|x86
		{1F0050C7-0BCD-4D13-9C1F-7FEAFF2FCDB4}.Debug|x86.Build.0 = Debug|x86
		{1F0050C7-0BCD-4D13-9C1F-7FEAFF2FCDB4}.Debug|x86.Deploy.0 = Debug|x86
		{1F0050C7-0BCD-4D13-9C1F-7FEAFF2FCDB4}.Release|Any CPU.ActiveCfg = Release|x86
		{1F0050C7-0BCD-4D13-9C1F-7FEAFF2FCDB4}.Release|ARM.ActiveCfg = Release|ARM
		{1F0050C7-0BCD-4D13-9C1F-7FEAFF2FCDB4}.Release|ARM.Build.0 = Release|ARM
		{1F0050C7-0BCD-4D13-9C1F-7FEAFF2FCDB4}.Release|ARM.Deploy.0 = Release|ARM
		{1F0050C7-0BCD-4D13-9C1F-7FEAFF2FCDB4}.Release|iPhone.ActiveCfg = Release|x86
		{1F0050C7-0BCD-4D13-9C1F-7FEAFF2FCDB4}.Release|iPhoneSimulator.ActiveCfg = Release|x86
		{1F0050C7-0BCD-4D13-9C1F-7FEAFF2FCDB4}.Release|x64.ActiveCfg = Release|x64
		{1F0050C7-0BCD-4D13-9C1F-7FEAFF2FCDB4}.Release|x64.Build.0 = Release|x64
		{1F0050C7-0BCD-4D13-9C1F-7FEAFF2FCDB4}.Release|x64.Deploy.0 = Release|x64
		{1F0050C7-0BCD-4D13-9C1F-7FEAFF2FCDB4}.Release|x86.ActiveCfg = Release|x86
		{1F0050C7-0BCD-4D13-9C1F-7FEAFF2FCDB4}.Release|x86.Build.0 = Release|x86
		{1F0050C7-0BCD-4D13-9C1F-7FEAFF2FCDB4}.Release|x86.Deploy.0 = Release|x86
		{F442493E-D276-4888-BAE3-7B7C30B8CF44}.Ad-Hoc|Any CPU.ActiveCfg = Release|Any CPU
		{F442493E-D276-4888-BAE3-7B7C30B8CF44}.Ad-Hoc|Any CPU.Build.0 = Release|Any CPU
		{F442493E-D276-4888-BAE3-7B7C30B8CF44}.Ad-Hoc|Any CPU.Deploy.0 = Release|Any CPU
		{F442493E-D276-4888-BAE3-7B7C30B8CF44}.Ad-Hoc|ARM.ActiveCfg = Release|ARM
		{F442493E-D276-4888-BAE3-7B7C30B8CF44}.Ad-Hoc|ARM.Build.0 = Release|ARM
		{F442493E-D276-4888-BAE3-7B7C30B8CF44}.Ad-Hoc|ARM.Deploy.0 = Release|ARM
		{F442493E-D276-4888-BAE3-7B7C30B8CF44}.Ad-Hoc|iPhone.ActiveCfg = Release|Any CPU
		{F442493E-D276-4888-BAE3-7B7C30B8CF44}.Ad-Hoc|iPhone.Build.0 = Release|Any CPU
		{F442493E-D276-4888-BAE3-7B7C30B8CF44}.Ad-Hoc|iPhone.Deploy.0 = Release|Any CPU
		{F442493E-D276-4888-BAE3-7B7C30B8CF44}.Ad-Hoc|iPhoneSimulator.ActiveCfg = Release|Any CPU
		{F442493E-D276-4888-BAE3-7B7C30B8CF44}.Ad-Hoc|iPhoneSimulator.Build.0 = Release|Any CPU
		{F442493E-D276-4888-BAE3-7B7C30B8CF44}.Ad-Hoc|iPhoneSimulator.Deploy.0 = Release|Any CPU
		{F442493E-D276-4888-BAE3-7B7C30B8CF44}.Ad-Hoc|x64.ActiveCfg = Release|x64
		{F442493E-D276-4888-BAE3-7B7C30B8CF44}.Ad-Hoc|x64.Build.0 = Release|x64
		{F442493E-D276-4888-BAE3-7B7C30B8CF44}.Ad-Hoc|x64.Deploy.0 = Release|x64
		{F442493E-D276-4888-BAE3-7B7C30B8CF44}.Ad-Hoc|x86.ActiveCfg = Release|x86
		{F442493E-D276-4888-BAE3-7B7C30B8CF44}.Ad-Hoc|x86.Build.0 = Release|x86
		{F442493E-D276-4888-BAE3-7B7C30B8CF44}.Ad-Hoc|x86.Deploy.0 = Release|x86
		{F442493E-D276-4888-BAE3-7B7C30B8CF44}.AppStore|Any CPU.ActiveCfg = Release|Any CPU
		{F442493E-D276-4888-BAE3-7B7C30B8CF44}.AppStore|Any CPU.Build.0 = Release|Any CPU
		{F442493E-D276-4888-BAE3-7B7C30B8CF44}.AppStore|Any CPU.Deploy.0 = Release|Any CPU
		{F442493E-D276-4888-BAE3-7B7C30B8CF44}.AppStore|ARM.ActiveCfg = Release|ARM
		{F442493E-D276-4888-BAE3-7B7C30B8CF44}.AppStore|ARM.Build.0 = Release|ARM
		{F442493E-D276-4888-BAE3-7B7C30B8CF44}.AppStore|ARM.Deploy.0 = Release|ARM
		{F442493E-D276-4888-BAE3-7B7C30B8CF44}.AppStore|iPhone.ActiveCfg = Release|Any CPU
		{F442493E-D276-4888-BAE3-7B7C30B8CF44}.AppStore|iPhone.Build.0 = Release|Any CPU
		{F442493E-D276-4888-BAE3-7B7C30B8CF44}.AppStore|iPhone.Deploy.0 = Release|Any CPU
		{F442493E-D276-4888-BAE3-7B7C30B8CF44}.AppStore|iPhoneSimulator.ActiveCfg = Release|Any CPU
		{F442493E-D276-4888-BAE3-7B7C30B8CF44}.AppStore|iPhoneSimulator.Build.0 = Release|Any CPU
		{F442493E-D276-4888-BAE3-7B7C30B8CF44}.AppStore|iPhoneSimulator.Deploy.0 = Release|Any CPU
		{F442493E-D276-4888-BAE3-7B7C30B8CF44}.AppStore|x64.ActiveCfg = Release|x64
		{F442493E-D276-4888-BAE3-7B7C30B8CF44}.AppStore|x64.Build.0 = Release|x64
		{F442493E-D276-4888-BAE3-7B7C30B8CF44}.AppStore|x64.Deploy.0 = Release|x64
		{F442493E-D276-4888-BAE3-7B7C30B8CF44}.AppStore|x86.ActiveCfg = Release|x86
		{F442493E-D276-4888-BAE3-7B7C30B8CF44}.AppStore|x86.Build.0 = Release|x86
		{F442493E-D276-4888-BAE3-7B7C30B8CF44}.AppStore|x86.Deploy.0 = Release|x86
		{F442493E-D276-4888-BAE3-7B7C30B8CF44}.Debug|Any CPU.ActiveCfg = Debug|Any CPU
		{F442493E-D276-4888-BAE3-7B7C30B8CF44}.Debug|Any CPU.Build.0 = Debug|Any CPU
		{F442493E-D276-4888-BAE3-7B7C30B8CF44}.Debug|Any CPU.Deploy.0 = Debug|Any CPU
		{F442493E-D276-4888-BAE3-7B7C30B8CF44}.Debug|ARM.ActiveCfg = Debug|ARM
		{F442493E-D276-4888-BAE3-7B7C30B8CF44}.Debug|ARM.Build.0 = Debug|ARM
		{F442493E-D276-4888-BAE3-7B7C30B8CF44}.Debug|ARM.Deploy.0 = Debug|ARM
		{F442493E-D276-4888-BAE3-7B7C30B8CF44}.Debug|iPhone.ActiveCfg = Debug|Any CPU
		{F442493E-D276-4888-BAE3-7B7C30B8CF44}.Debug|iPhone.Build.0 = Debug|Any CPU
		{F442493E-D276-4888-BAE3-7B7C30B8CF44}.Debug|iPhone.Deploy.0 = Debug|Any CPU
		{F442493E-D276-4888-BAE3-7B7C30B8CF44}.Debug|iPhoneSimulator.ActiveCfg = Debug|Any CPU
		{F442493E-D276-4888-BAE3-7B7C30B8CF44}.Debug|iPhoneSimulator.Build.0 = Debug|Any CPU
		{F442493E-D276-4888-BAE3-7B7C30B8CF44}.Debug|iPhoneSimulator.Deploy.0 = Debug|Any CPU
		{F442493E-D276-4888-BAE3-7B7C30B8CF44}.Debug|x64.ActiveCfg = Debug|x64
		{F442493E-D276-4888-BAE3-7B7C30B8CF44}.Debug|x64.Build.0 = Debug|x64
		{F442493E-D276-4888-BAE3-7B7C30B8CF44}.Debug|x64.Deploy.0 = Debug|x64
		{F442493E-D276-4888-BAE3-7B7C30B8CF44}.Debug|x86.ActiveCfg = Debug|x86
		{F442493E-D276-4888-BAE3-7B7C30B8CF44}.Debug|x86.Build.0 = Debug|x86
		{F442493E-D276-4888-BAE3-7B7C30B8CF44}.Debug|x86.Deploy.0 = Debug|x86
		{F442493E-D276-4888-BAE3-7B7C30B8CF44}.Release|Any CPU.ActiveCfg = Release|Any CPU
		{F442493E-D276-4888-BAE3-7B7C30B8CF44}.Release|Any CPU.Build.0 = Release|Any CPU
		{F442493E-D276-4888-BAE3-7B7C30B8CF44}.Release|Any CPU.Deploy.0 = Release|Any CPU
		{F442493E-D276-4888-BAE3-7B7C30B8CF44}.Release|ARM.ActiveCfg = Release|ARM
		{F442493E-D276-4888-BAE3-7B7C30B8CF44}.Release|ARM.Build.0 = Release|ARM
		{F442493E-D276-4888-BAE3-7B7C30B8CF44}.Release|ARM.Deploy.0 = Release|ARM
		{F442493E-D276-4888-BAE3-7B7C30B8CF44}.Release|iPhone.ActiveCfg = Release|Any CPU
		{F442493E-D276-4888-BAE3-7B7C30B8CF44}.Release|iPhone.Build.0 = Release|Any CPU
		{F442493E-D276-4888-BAE3-7B7C30B8CF44}.Release|iPhone.Deploy.0 = Release|Any CPU
		{F442493E-D276-4888-BAE3-7B7C30B8CF44}.Release|iPhoneSimulator.ActiveCfg = Release|Any CPU
		{F442493E-D276-4888-BAE3-7B7C30B8CF44}.Release|iPhoneSimulator.Build.0 = Release|Any CPU
		{F442493E-D276-4888-BAE3-7B7C30B8CF44}.Release|iPhoneSimulator.Deploy.0 = Release|Any CPU
		{F442493E-D276-4888-BAE3-7B7C30B8CF44}.Release|x64.ActiveCfg = Release|x64
		{F442493E-D276-4888-BAE3-7B7C30B8CF44}.Release|x64.Build.0 = Release|x64
		{F442493E-D276-4888-BAE3-7B7C30B8CF44}.Release|x64.Deploy.0 = Release|x64
		{F442493E-D276-4888-BAE3-7B7C30B8CF44}.Release|x86.ActiveCfg = Release|x86
		{F442493E-D276-4888-BAE3-7B7C30B8CF44}.Release|x86.Build.0 = Release|x86
		{F442493E-D276-4888-BAE3-7B7C30B8CF44}.Release|x86.Deploy.0 = Release|x86
	EndGlobalSection
	GlobalSection(SolutionProperties) = preSolution
		HideSolutionNode = FALSE
	EndGlobalSection
EndGlobal
